
Microsoft Visual Studio Solution File, Format Version 12.00
# Visual Studio Version 17
VisualStudioVersion = 17.6.33723.286
MinimumVisualStudioVersion = 10.0.40219.1
Project("{FAE04EC0-301F-11D3-BF4B-00C04F79EFBC}") = "Condition", "Condition\Condition.csproj", "{8945DAEF-4C18-46D1-A91F-B29E4909B139}"
EndProject
Global
	GlobalSection(SolutionConfigurationPlatforms) = preSolution
		Debug|Any CPU = Debug|Any CPU
		Release|Any CPU = Release|Any CPU
	EndGlobalSection
	GlobalSection(ProjectConfigurationPlatforms) = postSolution
		{8945DAEF-4C18-46D1-A91F-B29E4909B139}.Debug|Any CPU.ActiveCfg = Debug|Any CPU
		{8945DAEF-4C18-46D1-A91F-B29E4909B139}.Debug|Any CPU.Build.0 = Debug|Any CPU
		{8945DAEF-4C18-46D1-A91F-B29E4909B139}.Release|Any CPU.ActiveCfg = Release|Any CPU
		{8945DAEF-4C18-46D1-A91F-B29E4909B139}.Release|Any CPU.Build.0 = Release|Any CPU
	EndGlobalSection
	GlobalSection(SolutionProperties) = preSolution
		HideSolutionNode = FALSE
	EndGlobalSection
	GlobalSection(ExtensibilityGlobals) = postSolution
		SolutionGuid = {49879CD2-389A-47E3-AA1C-C8AF4252E267}
	EndGlobalSection
EndGlobal
